
Microsoft Visual Studio Solution File, Format Version 12.00
# Visual Studio Version 16
VisualStudioVersion = 16.0.30320.27
MinimumVisualStudioVersion = 10.0.40219.1
Project("{FAE04EC0-301F-11D3-BF4B-00C04F79EFBC}") = "CakeStoreApi", "CakeStoreApi\CakeStoreApi.csproj", "{300DDF5D-505F-4DF9-A95E-595F06B9A0F1}"
EndProject
Global
	GlobalSection(SolutionConfigurationPlatforms) = preSolution
		Debug|Any CPU = Debug|Any CPU
		Release|Any CPU = Release|Any CPU
	EndGlobalSection
	GlobalSection(ProjectConfigurationPlatforms) = postSolution
		{300DDF5D-505F-4DF9-A95E-595F06B9A0F1}.Debug|Any CPU.ActiveCfg = Debug|Any CPU
		{300DDF5D-505F-4DF9-A95E-595F06B9A0F1}.Debug|Any CPU.Build.0 = Debug|Any CPU
		{300DDF5D-505F-4DF9-A95E-595F06B9A0F1}.Release|Any CPU.ActiveCfg = Release|Any CPU
		{300DDF5D-505F-4DF9-A95E-595F06B9A0F1}.Release|Any CPU.Build.0 = Release|Any CPU
	EndGlobalSection
	GlobalSection(SolutionProperties) = preSolution
		HideSolutionNode = FALSE
	EndGlobalSection
	GlobalSection(ExtensibilityGlobals) = postSolution
		SolutionGuid = {5E12DB76-629A-4D93-B0E2-F17EADD5786E}
	EndGlobalSection
EndGlobal
