
Microsoft Visual Studio Solution File, Format Version 12.00
# Visual Studio Version 16
VisualStudioVersion = 16.0.30320.27
MinimumVisualStudioVersion = 10.0.40219.1
Project("{FAE04EC0-301F-11D3-BF4B-00C04F79EFBC}") = "ASPNetCore", "ASPNetCore\ASPNetCore.csproj", "{42002051-EA8D-4D30-BAF4-097563B035A1}"
EndProject
Global
	GlobalSection(SolutionConfigurationPlatforms) = preSolution
		Debug|Any CPU = Debug|Any CPU
		Release|Any CPU = Release|Any CPU
	EndGlobalSection
	GlobalSection(ProjectConfigurationPlatforms) = postSolution
		{42002051-EA8D-4D30-BAF4-097563B035A1}.Debug|Any CPU.ActiveCfg = Debug|Any CPU
		{42002051-EA8D-4D30-BAF4-097563B035A1}.Debug|Any CPU.Build.0 = Debug|Any CPU
		{42002051-EA8D-4D30-BAF4-097563B035A1}.Release|Any CPU.ActiveCfg = Release|Any CPU
		{42002051-EA8D-4D30-BAF4-097563B035A1}.Release|Any CPU.Build.0 = Release|Any CPU
	EndGlobalSection
	GlobalSection(SolutionProperties) = preSolution
		HideSolutionNode = FALSE
	EndGlobalSection
	GlobalSection(ExtensibilityGlobals) = postSolution
		SolutionGuid = {4A5B54EB-1C4D-40A5-974C-62DBCC588072}
	EndGlobalSection
EndGlobal
