
Microsoft Visual Studio Solution File, Format Version 12.00
# Visual Studio Version 16
VisualStudioVersion = 16.0.30320.27
MinimumVisualStudioVersion = 10.0.40219.1
Project("{FAE04EC0-301F-11D3-BF4B-00C04F79EFBC}") = "MultiForms", "MultiForms\MultiForms.csproj", "{F1E03229-3A49-4411-8EBB-18AE469DD29B}"
EndProject
Global
	GlobalSection(SolutionConfigurationPlatforms) = preSolution
		Debug|Any CPU = Debug|Any CPU
		Release|Any CPU = Release|Any CPU
	EndGlobalSection
	GlobalSection(ProjectConfigurationPlatforms) = postSolution
		{F1E03229-3A49-4411-8EBB-18AE469DD29B}.Debug|Any CPU.ActiveCfg = Debug|Any CPU
		{F1E03229-3A49-4411-8EBB-18AE469DD29B}.Debug|Any CPU.Build.0 = Debug|Any CPU
		{F1E03229-3A49-4411-8EBB-18AE469DD29B}.Release|Any CPU.ActiveCfg = Release|Any CPU
		{F1E03229-3A49-4411-8EBB-18AE469DD29B}.Release|Any CPU.Build.0 = Release|Any CPU
	EndGlobalSection
	GlobalSection(SolutionProperties) = preSolution
		HideSolutionNode = FALSE
	EndGlobalSection
	GlobalSection(ExtensibilityGlobals) = postSolution
		SolutionGuid = {4415188C-61AC-4C42-AB03-811C0EA151BD}
	EndGlobalSection
EndGlobal
