
Microsoft Visual Studio Solution File, Format Version 12.00
# Visual Studio Version 16
VisualStudioVersion = 16.0.30320.27
MinimumVisualStudioVersion = 10.0.40219.1
Project("{FAE04EC0-301F-11D3-BF4B-00C04F79EFBC}") = "ClassesApp", "ClassesApp\ClassesApp.csproj", "{575A3F74-C27C-43B6-93D2-94C55BFBB11E}"
EndProject
Global
	GlobalSection(SolutionConfigurationPlatforms) = preSolution
		Debug|Any CPU = Debug|Any CPU
		Release|Any CPU = Release|Any CPU
	EndGlobalSection
	GlobalSection(ProjectConfigurationPlatforms) = postSolution
		{575A3F74-C27C-43B6-93D2-94C55BFBB11E}.Debug|Any CPU.ActiveCfg = Debug|Any CPU
		{575A3F74-C27C-43B6-93D2-94C55BFBB11E}.Debug|Any CPU.Build.0 = Debug|Any CPU
		{575A3F74-C27C-43B6-93D2-94C55BFBB11E}.Release|Any CPU.ActiveCfg = Release|Any CPU
		{575A3F74-C27C-43B6-93D2-94C55BFBB11E}.Release|Any CPU.Build.0 = Release|Any CPU
	EndGlobalSection
	GlobalSection(SolutionProperties) = preSolution
		HideSolutionNode = FALSE
	EndGlobalSection
	GlobalSection(ExtensibilityGlobals) = postSolution
		SolutionGuid = {EF06F30A-3080-4235-80C2-0B7E6D2CBB2A}
	EndGlobalSection
EndGlobal
