
Microsoft Visual Studio Solution File, Format Version 12.00
# Visual Studio Version 16
VisualStudioVersion = 16.0.30320.27
MinimumVisualStudioVersion = 10.0.40219.1
Project("{9A19103F-16F7-4668-BE54-9A1E7A4F7556}") = "Euclid", "Euclid\Euclid.csproj", "{799A0B71-C873-4DE2-B404-D15272358A08}"
EndProject
Project("{FAE04EC0-301F-11D3-BF4B-00C04F79EFBC}") = "Euclid.UnitTests", "Euclid.UnitTests\Euclid.UnitTests.csproj", "{BEC3B72C-C08C-4C28-A2E9-9CD7105C9472}"
EndProject
Global
	GlobalSection(SolutionConfigurationPlatforms) = preSolution
		Debug|Any CPU = Debug|Any CPU
		Release|Any CPU = Release|Any CPU
	EndGlobalSection
	GlobalSection(ProjectConfigurationPlatforms) = postSolution
		{799A0B71-C873-4DE2-B404-D15272358A08}.Debug|Any CPU.ActiveCfg = Debug|Any CPU
		{799A0B71-C873-4DE2-B404-D15272358A08}.Debug|Any CPU.Build.0 = Debug|Any CPU
		{799A0B71-C873-4DE2-B404-D15272358A08}.Release|Any CPU.ActiveCfg = Release|Any CPU
		{799A0B71-C873-4DE2-B404-D15272358A08}.Release|Any CPU.Build.0 = Release|Any CPU
		{BEC3B72C-C08C-4C28-A2E9-9CD7105C9472}.Debug|Any CPU.ActiveCfg = Debug|Any CPU
		{BEC3B72C-C08C-4C28-A2E9-9CD7105C9472}.Debug|Any CPU.Build.0 = Debug|Any CPU
		{BEC3B72C-C08C-4C28-A2E9-9CD7105C9472}.Release|Any CPU.ActiveCfg = Release|Any CPU
		{BEC3B72C-C08C-4C28-A2E9-9CD7105C9472}.Release|Any CPU.Build.0 = Release|Any CPU
	EndGlobalSection
	GlobalSection(SolutionProperties) = preSolution
		HideSolutionNode = FALSE
	EndGlobalSection
	GlobalSection(ExtensibilityGlobals) = postSolution
		SolutionGuid = {A18C63AC-0E6A-493C-A4C9-00B8A23A0FCB}
	EndGlobalSection
EndGlobal
