
Microsoft Visual Studio Solution File, Format Version 12.00
# Visual Studio Version 16
VisualStudioVersion = 16.0.30320.27
MinimumVisualStudioVersion = 10.0.40219.1
Project("{FAE04EC0-301F-11D3-BF4B-00C04F79EFBC}") = "ConsoleGraph", "ConsoleGraph\ConsoleGraph.csproj", "{2D66F392-8745-4591-9FA5-4CFA95FA2462}"
EndProject
Global
	GlobalSection(SolutionConfigurationPlatforms) = preSolution
		Debug|Any CPU = Debug|Any CPU
		Release|Any CPU = Release|Any CPU
	EndGlobalSection
	GlobalSection(ProjectConfigurationPlatforms) = postSolution
		{2D66F392-8745-4591-9FA5-4CFA95FA2462}.Debug|Any CPU.ActiveCfg = Debug|Any CPU
		{2D66F392-8745-4591-9FA5-4CFA95FA2462}.Debug|Any CPU.Build.0 = Debug|Any CPU
		{2D66F392-8745-4591-9FA5-4CFA95FA2462}.Release|Any CPU.ActiveCfg = Release|Any CPU
		{2D66F392-8745-4591-9FA5-4CFA95FA2462}.Release|Any CPU.Build.0 = Release|Any CPU
	EndGlobalSection
	GlobalSection(SolutionProperties) = preSolution
		HideSolutionNode = FALSE
	EndGlobalSection
	GlobalSection(ExtensibilityGlobals) = postSolution
		SolutionGuid = {F0B06892-C8F6-43F6-93FB-E4ED3DDB2D23}
	EndGlobalSection
EndGlobal
